
Microsoft Visual Studio Solution File, Format Version 12.00
# Visual Studio 2013
VisualStudioVersion = 12.0.21005.1
MinimumVisualStudioVersion = 10.0.40219.1
Project("{FAE04EC0-301F-11D3-BF4B-00C04F79EFBC}") = "Gatekeeper.TestPortal.Dashboard", "Gatekeeper.TestPortal.Dashboard\Gatekeeper.TestPortal.Dashboard.csproj", "{2E3DF5C2-8A38-4A03-86D7-8D463C917E47}"
EndProject
Project("{2150E333-8FDC-42A3-9474-1A3956D46DE8}") = "01.TestPortal", "01.TestPortal", "{CC606D44-72B2-4202-A54D-320AAAEB2FAC}"
EndProject
Project("{FAE04EC0-301F-11D3-BF4B-00C04F79EFBC}") = "Gatekeeper.TestPortal.Coordinator", "Gatekeeper.TestPortal.Coordinator\Gatekeeper.TestPortal.Coordinator.csproj", "{64CF618A-416A-4C8E-BF04-60FC580C3C89}"
EndProject
Project("{2150E333-8FDC-42A3-9474-1A3956D46DE8}") = ".nuget", ".nuget", "{F03C0F5B-AE79-4F2B-9D5A-7D27AA77902B}"
	ProjectSection(SolutionItems) = preProject
		.nuget\NuGet.Config = .nuget\NuGet.Config
		.nuget\NuGet.exe = .nuget\NuGet.exe
		.nuget\NuGet.targets = .nuget\NuGet.targets
	EndProjectSection
EndProject
Project("{FAE04EC0-301F-11D3-BF4B-00C04F79EFBC}") = "Gatekeeper.TestPortal.Teacher", "Gatekeeper.TestPortal.Teacher\Gatekeeper.TestPortal.Teacher.csproj", "{27DCDCC3-E5B6-4555-B1B5-20CFA7952608}"
EndProject
Project("{FAE04EC0-301F-11D3-BF4B-00C04F79EFBC}") = "Gatekeeper.PageObject.Teacher", "Gatekeeper.PageObject.Teacher\Gatekeeper.PageObject.Teacher.csproj", "{6418E8BD-F93E-481A-8E5D-D7534BA2C8C6}"
EndProject
Project("{2150E333-8FDC-42A3-9474-1A3956D46DE8}") = "02.PageObject", "02.PageObject", "{8BD9815F-E625-4C36-9211-926807AAF477}"
EndProject
Project("{FAE04EC0-301F-11D3-BF4B-00C04F79EFBC}") = "Gatekeeper.PageObject.Dashboard", "Gatekeeper.PageObject.Dashboard\Gatekeeper.PageObject.Dashboard.csproj", "{79DD70EB-34E7-431E-85A5-72024A92F96F}"
EndProject
Project("{FAE04EC0-301F-11D3-BF4B-00C04F79EFBC}") = "Gatekeeper.PageObject.Coordinator", "Gatekeeper.PageObject.Coordinator\Gatekeeper.PageObject.Coordinator.csproj", "{9AA5C31B-F11E-4F78-95F3-D3EF01CBE5C1}"
EndProject
Project("{2150E333-8FDC-42A3-9474-1A3956D46DE8}") = "00.Framework", "00.Framework", "{802FF9AD-6480-43BE-A9CF-AFAE16331609}"
EndProject
Project("{FAE04EC0-301F-11D3-BF4B-00C04F79EFBC}") = "Gatekeeper.Framework.Common", "Gatekeeper.Framework.Common\Gatekeeper.Framework.Common.csproj", "{8C57ED98-8E26-46C0-938E-E7E822138F98}"
EndProject
Project("{FAE04EC0-301F-11D3-BF4B-00C04F79EFBC}") = "Gatekeeper.Framework.DataAccess", "Gatekeeper.Framework.DataAccess\Gatekeeper.Framework.DataAccess.csproj", "{E5992C2A-FE50-4EE3-959C-25638DD9A3C9}"
EndProject
Project("{2150E333-8FDC-42A3-9474-1A3956D46DE8}") = "03.Model", "03.Model", "{FD5B5462-E6CE-468B-9F23-28A76BBAB482}"
EndProject
Project("{FAE04EC0-301F-11D3-BF4B-00C04F79EFBC}") = "Gatekeeper.DomainModel.Coordinator", "Gatekeeper.DomainModel.Coordinator\Gatekeeper.DomainModel.Coordinator.csproj", "{0992A856-73A2-4FB5-A4A7-30AC5FDC67B5}"
EndProject
Project("{FAE04EC0-301F-11D3-BF4B-00C04F79EFBC}") = "Gatekeeper.DomainModel.Teacher", "Gatekeeper.DomainModel.Teacher\Gatekeeper.DomainModel.Teacher.csproj", "{B221DE99-2013-49A3-AF60-B98E561B793B}"
EndProject
Project("{FAE04EC0-301F-11D3-BF4B-00C04F79EFBC}") = "Gatekeeper.DomainModel.Dashboard", "Gatekeeper.DomainModel.Dashboard\Gatekeeper.DomainModel.Dashboard.csproj", "{AB6FF865-E84A-41DB-B6E7-D6E7EC728BDE}"
EndProject
Project("{FAE04EC0-301F-11D3-BF4B-00C04F79EFBC}") = "Gatekeeper.TestPortal.Launchpad", "Gatekeeper.TestPortal.Launchpad\Gatekeeper.TestPortal.Launchpad.csproj", "{5B52B16F-F340-4164-A2EB-1112AEA76FC5}"
EndProject
Project("{FAE04EC0-301F-11D3-BF4B-00C04F79EFBC}") = "Gatekeeper.DomainModel.Launchpad", "Gatekeeper.DomainModel.Launchpad\Gatekeeper.DomainModel.Launchpad.csproj", "{103D850E-514A-4B92-A12F-7C4E75A44088}"
EndProject
Project("{FAE04EC0-301F-11D3-BF4B-00C04F79EFBC}") = "Gatekeeper.PageObject.Launchpad", "Gatekeeper.PageObject.Launchpad\Gatekeeper.PageObject.Launchpad.csproj", "{4B450302-929E-44CB-ACB1-F7AA1BE61076}"
EndProject
Project("{FAE04EC0-301F-11D3-BF4B-00C04F79EFBC}") = "Gatekeeper.DomainModel.Common", "Gatekeeper.DomainModel.Common\Gatekeeper.DomainModel.Common.csproj", "{CC683DF7-F301-4E06-B857-01CCCDC8E1A0}"
EndProject
Project("{2150E333-8FDC-42A3-9474-1A3956D46DE8}") = "04.Toolbox", "04.Toolbox", "{43ED347C-B618-403A-90ED-CA04283EB3C0}"
EndProject
Project("{FAE04EC0-301F-11D3-BF4B-00C04F79EFBC}") = "Gatekeeper.Toolbox.DataAccess", "Gatekeeper.Toolbox.DataAccess\Gatekeeper.Toolbox.DataAccess.csproj", "{F73A9DBB-E73D-4937-A925-EFBC39760173}"
EndProject
Project("{FAE04EC0-301F-11D3-BF4B-00C04F79EFBC}") = "Gatekeeper.Toolbox.ServiceBroker", "Gatekeeper.Toolbox.ServiceBroker\Gatekeeper.Toolbox.ServiceBroker.csproj", "{0BFBADAE-5227-494D-AB72-09DFEA14336A}"
EndProject
Project("{2150E333-8FDC-42A3-9474-1A3956D46DE8}") = "05.WorkFlow", "05.WorkFlow", "{2D4E6855-4381-4754-9288-E27F017B11F4}"
EndProject
Project("{FAE04EC0-301F-11D3-BF4B-00C04F79EFBC}") = "Gatekeeper.TestPortal.Common", "Gatekeeper.TestPortal.Common\Gatekeeper.TestPortal.Common.csproj", "{C7EB90E0-2AA8-4E97-BB54-16DB25D4F68D}"
EndProject
Global
	GlobalSection(SolutionConfigurationPlatforms) = preSolution
		Debug|Any CPU = Debug|Any CPU
		Release|Any CPU = Release|Any CPU
	EndGlobalSection
	GlobalSection(ProjectConfigurationPlatforms) = postSolution
		{2E3DF5C2-8A38-4A03-86D7-8D463C917E47}.Debug|Any CPU.ActiveCfg = Debug|Any CPU
		{2E3DF5C2-8A38-4A03-86D7-8D463C917E47}.Debug|Any CPU.Build.0 = Debug|Any CPU
		{2E3DF5C2-8A38-4A03-86D7-8D463C917E47}.Release|Any CPU.ActiveCfg = Release|Any CPU
		{2E3DF5C2-8A38-4A03-86D7-8D463C917E47}.Release|Any CPU.Build.0 = Release|Any CPU
		{64CF618A-416A-4C8E-BF04-60FC580C3C89}.Debug|Any CPU.ActiveCfg = Debug|Any CPU
		{64CF618A-416A-4C8E-BF04-60FC580C3C89}.Debug|Any CPU.Build.0 = Debug|Any CPU
		{64CF618A-416A-4C8E-BF04-60FC580C3C89}.Release|Any CPU.ActiveCfg = Release|Any CPU
		{64CF618A-416A-4C8E-BF04-60FC580C3C89}.Release|Any CPU.Build.0 = Release|Any CPU
		{27DCDCC3-E5B6-4555-B1B5-20CFA7952608}.Debug|Any CPU.ActiveCfg = Debug|Any CPU
		{27DCDCC3-E5B6-4555-B1B5-20CFA7952608}.Debug|Any CPU.Build.0 = Debug|Any CPU
		{27DCDCC3-E5B6-4555-B1B5-20CFA7952608}.Release|Any CPU.ActiveCfg = Release|Any CPU
		{27DCDCC3-E5B6-4555-B1B5-20CFA7952608}.Release|Any CPU.Build.0 = Release|Any CPU
		{6418E8BD-F93E-481A-8E5D-D7534BA2C8C6}.Debug|Any CPU.ActiveCfg = Debug|Any CPU
		{6418E8BD-F93E-481A-8E5D-D7534BA2C8C6}.Debug|Any CPU.Build.0 = Debug|Any CPU
		{6418E8BD-F93E-481A-8E5D-D7534BA2C8C6}.Release|Any CPU.ActiveCfg = Release|Any CPU
		{6418E8BD-F93E-481A-8E5D-D7534BA2C8C6}.Release|Any CPU.Build.0 = Release|Any CPU
		{79DD70EB-34E7-431E-85A5-72024A92F96F}.Debug|Any CPU.ActiveCfg = Debug|Any CPU
		{79DD70EB-34E7-431E-85A5-72024A92F96F}.Debug|Any CPU.Build.0 = Debug|Any CPU
		{79DD70EB-34E7-431E-85A5-72024A92F96F}.Release|Any CPU.ActiveCfg = Release|Any CPU
		{79DD70EB-34E7-431E-85A5-72024A92F96F}.Release|Any CPU.Build.0 = Release|Any CPU
		{9AA5C31B-F11E-4F78-95F3-D3EF01CBE5C1}.Debug|Any CPU.ActiveCfg = Debug|Any CPU
		{9AA5C31B-F11E-4F78-95F3-D3EF01CBE5C1}.Debug|Any CPU.Build.0 = Debug|Any CPU
		{9AA5C31B-F11E-4F78-95F3-D3EF01CBE5C1}.Release|Any CPU.ActiveCfg = Release|Any CPU
		{9AA5C31B-F11E-4F78-95F3-D3EF01CBE5C1}.Release|Any CPU.Build.0 = Release|Any CPU
		{8C57ED98-8E26-46C0-938E-E7E822138F98}.Debug|Any CPU.ActiveCfg = Debug|Any CPU
		{8C57ED98-8E26-46C0-938E-E7E822138F98}.Debug|Any CPU.Build.0 = Debug|Any CPU
		{8C57ED98-8E26-46C0-938E-E7E822138F98}.Release|Any CPU.ActiveCfg = Release|Any CPU
		{8C57ED98-8E26-46C0-938E-E7E822138F98}.Release|Any CPU.Build.0 = Release|Any CPU
		{E5992C2A-FE50-4EE3-959C-25638DD9A3C9}.Debug|Any CPU.ActiveCfg = Debug|Any CPU
		{E5992C2A-FE50-4EE3-959C-25638DD9A3C9}.Debug|Any CPU.Build.0 = Debug|Any CPU
		{E5992C2A-FE50-4EE3-959C-25638DD9A3C9}.Release|Any CPU.ActiveCfg = Release|Any CPU
		{E5992C2A-FE50-4EE3-959C-25638DD9A3C9}.Release|Any CPU.Build.0 = Release|Any CPU
		{0992A856-73A2-4FB5-A4A7-30AC5FDC67B5}.Debug|Any CPU.ActiveCfg = Debug|Any CPU
		{0992A856-73A2-4FB5-A4A7-30AC5FDC67B5}.Debug|Any CPU.Build.0 = Debug|Any CPU
		{0992A856-73A2-4FB5-A4A7-30AC5FDC67B5}.Release|Any CPU.ActiveCfg = Release|Any CPU
		{0992A856-73A2-4FB5-A4A7-30AC5FDC67B5}.Release|Any CPU.Build.0 = Release|Any CPU
		{B221DE99-2013-49A3-AF60-B98E561B793B}.Debug|Any CPU.ActiveCfg = Debug|Any CPU
		{B221DE99-2013-49A3-AF60-B98E561B793B}.Debug|Any CPU.Build.0 = Debug|Any CPU
		{B221DE99-2013-49A3-AF60-B98E561B793B}.Release|Any CPU.ActiveCfg = Release|Any CPU
		{B221DE99-2013-49A3-AF60-B98E561B793B}.Release|Any CPU.Build.0 = Release|Any CPU
		{AB6FF865-E84A-41DB-B6E7-D6E7EC728BDE}.Debug|Any CPU.ActiveCfg = Debug|Any CPU
		{AB6FF865-E84A-41DB-B6E7-D6E7EC728BDE}.Debug|Any CPU.Build.0 = Debug|Any CPU
		{AB6FF865-E84A-41DB-B6E7-D6E7EC728BDE}.Release|Any CPU.ActiveCfg = Release|Any CPU
		{AB6FF865-E84A-41DB-B6E7-D6E7EC728BDE}.Release|Any CPU.Build.0 = Release|Any CPU
		{5B52B16F-F340-4164-A2EB-1112AEA76FC5}.Debug|Any CPU.ActiveCfg = Debug|Any CPU
		{5B52B16F-F340-4164-A2EB-1112AEA76FC5}.Debug|Any CPU.Build.0 = Debug|Any CPU
		{5B52B16F-F340-4164-A2EB-1112AEA76FC5}.Release|Any CPU.ActiveCfg = Release|Any CPU
		{5B52B16F-F340-4164-A2EB-1112AEA76FC5}.Release|Any CPU.Build.0 = Release|Any CPU
		{103D850E-514A-4B92-A12F-7C4E75A44088}.Debug|Any CPU.ActiveCfg = Debug|Any CPU
		{103D850E-514A-4B92-A12F-7C4E75A44088}.Debug|Any CPU.Build.0 = Debug|Any CPU
		{103D850E-514A-4B92-A12F-7C4E75A44088}.Release|Any CPU.ActiveCfg = Release|Any CPU
		{103D850E-514A-4B92-A12F-7C4E75A44088}.Release|Any CPU.Build.0 = Release|Any CPU
		{4B450302-929E-44CB-ACB1-F7AA1BE61076}.Debug|Any CPU.ActiveCfg = Debug|Any CPU
		{4B450302-929E-44CB-ACB1-F7AA1BE61076}.Debug|Any CPU.Build.0 = Debug|Any CPU
		{4B450302-929E-44CB-ACB1-F7AA1BE61076}.Release|Any CPU.ActiveCfg = Release|Any CPU
		{4B450302-929E-44CB-ACB1-F7AA1BE61076}.Release|Any CPU.Build.0 = Release|Any CPU
		{CC683DF7-F301-4E06-B857-01CCCDC8E1A0}.Debug|Any CPU.ActiveCfg = Debug|Any CPU
		{CC683DF7-F301-4E06-B857-01CCCDC8E1A0}.Debug|Any CPU.Build.0 = Debug|Any CPU
		{CC683DF7-F301-4E06-B857-01CCCDC8E1A0}.Release|Any CPU.ActiveCfg = Release|Any CPU
		{CC683DF7-F301-4E06-B857-01CCCDC8E1A0}.Release|Any CPU.Build.0 = Release|Any CPU
		{F73A9DBB-E73D-4937-A925-EFBC39760173}.Debug|Any CPU.ActiveCfg = Debug|Any CPU
		{F73A9DBB-E73D-4937-A925-EFBC39760173}.Debug|Any CPU.Build.0 = Debug|Any CPU
		{F73A9DBB-E73D-4937-A925-EFBC39760173}.Release|Any CPU.ActiveCfg = Release|Any CPU
		{F73A9DBB-E73D-4937-A925-EFBC39760173}.Release|Any CPU.Build.0 = Release|Any CPU
		{0BFBADAE-5227-494D-AB72-09DFEA14336A}.Debug|Any CPU.ActiveCfg = Debug|Any CPU
		{0BFBADAE-5227-494D-AB72-09DFEA14336A}.Debug|Any CPU.Build.0 = Debug|Any CPU
		{0BFBADAE-5227-494D-AB72-09DFEA14336A}.Release|Any CPU.ActiveCfg = Release|Any CPU
		{0BFBADAE-5227-494D-AB72-09DFEA14336A}.Release|Any CPU.Build.0 = Release|Any CPU
		{C7EB90E0-2AA8-4E97-BB54-16DB25D4F68D}.Debug|Any CPU.ActiveCfg = Debug|Any CPU
		{C7EB90E0-2AA8-4E97-BB54-16DB25D4F68D}.Debug|Any CPU.Build.0 = Debug|Any CPU
		{C7EB90E0-2AA8-4E97-BB54-16DB25D4F68D}.Release|Any CPU.ActiveCfg = Release|Any CPU
		{C7EB90E0-2AA8-4E97-BB54-16DB25D4F68D}.Release|Any CPU.Build.0 = Release|Any CPU
	EndGlobalSection
	GlobalSection(SolutionProperties) = preSolution
		HideSolutionNode = FALSE
	EndGlobalSection
	GlobalSection(NestedProjects) = preSolution
		{2E3DF5C2-8A38-4A03-86D7-8D463C917E47} = {CC606D44-72B2-4202-A54D-320AAAEB2FAC}
		{64CF618A-416A-4C8E-BF04-60FC580C3C89} = {CC606D44-72B2-4202-A54D-320AAAEB2FAC}
		{27DCDCC3-E5B6-4555-B1B5-20CFA7952608} = {CC606D44-72B2-4202-A54D-320AAAEB2FAC}
		{5B52B16F-F340-4164-A2EB-1112AEA76FC5} = {CC606D44-72B2-4202-A54D-320AAAEB2FAC}
		{C7EB90E0-2AA8-4E97-BB54-16DB25D4F68D} = {CC606D44-72B2-4202-A54D-320AAAEB2FAC}
		{6418E8BD-F93E-481A-8E5D-D7534BA2C8C6} = {8BD9815F-E625-4C36-9211-926807AAF477}
		{79DD70EB-34E7-431E-85A5-72024A92F96F} = {8BD9815F-E625-4C36-9211-926807AAF477}
		{9AA5C31B-F11E-4F78-95F3-D3EF01CBE5C1} = {8BD9815F-E625-4C36-9211-926807AAF477}
		{4B450302-929E-44CB-ACB1-F7AA1BE61076} = {8BD9815F-E625-4C36-9211-926807AAF477}
		{8C57ED98-8E26-46C0-938E-E7E822138F98} = {802FF9AD-6480-43BE-A9CF-AFAE16331609}
		{E5992C2A-FE50-4EE3-959C-25638DD9A3C9} = {802FF9AD-6480-43BE-A9CF-AFAE16331609}
		{0992A856-73A2-4FB5-A4A7-30AC5FDC67B5} = {FD5B5462-E6CE-468B-9F23-28A76BBAB482}
		{B221DE99-2013-49A3-AF60-B98E561B793B} = {FD5B5462-E6CE-468B-9F23-28A76BBAB482}
		{AB6FF865-E84A-41DB-B6E7-D6E7EC728BDE} = {FD5B5462-E6CE-468B-9F23-28A76BBAB482}
		{103D850E-514A-4B92-A12F-7C4E75A44088} = {FD5B5462-E6CE-468B-9F23-28A76BBAB482}
		{CC683DF7-F301-4E06-B857-01CCCDC8E1A0} = {FD5B5462-E6CE-468B-9F23-28A76BBAB482}
		{F73A9DBB-E73D-4937-A925-EFBC39760173} = {43ED347C-B618-403A-90ED-CA04283EB3C0}
		{0BFBADAE-5227-494D-AB72-09DFEA14336A} = {43ED347C-B618-403A-90ED-CA04283EB3C0}
	EndGlobalSection
EndGlobal
